
Microsoft Visual Studio Solution File, Format Version 12.00
# Visual Studio Version 16
VisualStudioVersion = 16.0.30114.105
MinimumVisualStudioVersion = 10.0.40219.1
Project("{F184B08F-C81C-45F6-A57F-5ABD9991F28F}") = "FuncionesString", "FuncionesString.vbproj", "{A3284E86-8F6A-42EA-8F0B-0A6AD5C3DE08}"
EndProject
Global
	GlobalSection(SolutionConfigurationPlatforms) = preSolution
		Debug|Any CPU = Debug|Any CPU
		Release|Any CPU = Release|Any CPU
	EndGlobalSection
	GlobalSection(ProjectConfigurationPlatforms) = postSolution
		{A3284E86-8F6A-42EA-8F0B-0A6AD5C3DE08}.Debug|Any CPU.ActiveCfg = Debug|Any CPU
		{A3284E86-8F6A-42EA-8F0B-0A6AD5C3DE08}.Debug|Any CPU.Build.0 = Debug|Any CPU
		{A3284E86-8F6A-42EA-8F0B-0A6AD5C3DE08}.Release|Any CPU.ActiveCfg = Release|Any CPU
		{A3284E86-8F6A-42EA-8F0B-0A6AD5C3DE08}.Release|Any CPU.Build.0 = Release|Any CPU
	EndGlobalSection
	GlobalSection(SolutionProperties) = preSolution
		HideSolutionNode = FALSE
	EndGlobalSection
	GlobalSection(ExtensibilityGlobals) = postSolution
		SolutionGuid = {73B66F20-ADC1-4A6C-9FE3-7E36355717A4}
	EndGlobalSection
EndGlobal
