
Microsoft Visual Studio Solution File, Format Version 12.00
# Visual Studio Version 16
VisualStudioVersion = 16.0.30114.105
MinimumVisualStudioVersion = 10.0.40219.1
Project("{F184B08F-C81C-45F6-A57F-5ABD9991F28F}") = "Validaciones con error provider", "Validaciones con error provider.vbproj", "{09C68F8C-5D78-4BC1-B910-91739C5F558D}"
EndProject
Global
	GlobalSection(SolutionConfigurationPlatforms) = preSolution
		Debug|Any CPU = Debug|Any CPU
		Release|Any CPU = Release|Any CPU
	EndGlobalSection
	GlobalSection(ProjectConfigurationPlatforms) = postSolution
		{09C68F8C-5D78-4BC1-B910-91739C5F558D}.Debug|Any CPU.ActiveCfg = Debug|Any CPU
		{09C68F8C-5D78-4BC1-B910-91739C5F558D}.Debug|Any CPU.Build.0 = Debug|Any CPU
		{09C68F8C-5D78-4BC1-B910-91739C5F558D}.Release|Any CPU.ActiveCfg = Release|Any CPU
		{09C68F8C-5D78-4BC1-B910-91739C5F558D}.Release|Any CPU.Build.0 = Release|Any CPU
	EndGlobalSection
	GlobalSection(SolutionProperties) = preSolution
		HideSolutionNode = FALSE
	EndGlobalSection
	GlobalSection(ExtensibilityGlobals) = postSolution
		SolutionGuid = {07D0A3D0-6EE1-45CF-81B9-D2FF8958C60F}
	EndGlobalSection
EndGlobal
